
Microsoft Visual Studio Solution File, Format Version 12.00
# Visual Studio Version 17
VisualStudioVersion = 17.14.36511.14 d17.14
MinimumVisualStudioVersion = 10.0.40219.1
Project("{8BC9CEB8-8B4A-11D0-8D11-00A0C91BC942}") = "DX12Study_MikuDance", "DX12Study_MikuDance.vcxproj", "{31353D8C-9004-44C1-BEFA-CB5A28FCA42C}"
EndProject
Global
	GlobalSection(SolutionConfigurationPlatforms) = preSolution
		Debug|x64 = Debug|x64
		Debug|x86 = Debug|x86
		Release|x64 = Release|x64
		Release|x86 = Release|x86
	EndGlobalSection
	GlobalSection(ProjectConfigurationPlatforms) = postSolution
		{31353D8C-9004-44C1-BEFA-CB5A28FCA42C}.Debug|x64.ActiveCfg = Debug|x64
		{31353D8C-9004-44C1-BEFA-CB5A28FCA42C}.Debug|x64.Build.0 = Debug|x64
		{31353D8C-9004-44C1-BEFA-CB5A28FCA42C}.Debug|x86.ActiveCfg = Debug|Win32
		{31353D8C-9004-44C1-BEFA-CB5A28FCA42C}.Debug|x86.Build.0 = Debug|Win32
		{31353D8C-9004-44C1-BEFA-CB5A28FCA42C}.Release|x64.ActiveCfg = Release|x64
		{31353D8C-9004-44C1-BEFA-CB5A28FCA42C}.Release|x64.Build.0 = Release|x64
		{31353D8C-9004-44C1-BEFA-CB5A28FCA42C}.Release|x86.ActiveCfg = Release|Win32
		{31353D8C-9004-44C1-BEFA-CB5A28FCA42C}.Release|x86.Build.0 = Release|Win32
	EndGlobalSection
	GlobalSection(SolutionProperties) = preSolution
		HideSolutionNode = FALSE
	EndGlobalSection
	GlobalSection(ExtensibilityGlobals) = postSolution
		SolutionGuid = {8D29DA45-36A9-445F-B72B-3BE2DCF2C214}
	EndGlobalSection
EndGlobal
